
Microsoft Visual Studio Solution File, Format Version 12.00
# Visual Studio Version 17
VisualStudioVersion = 17.1.32228.430
MinimumVisualStudioVersion = 10.0.40219.1
Project("{FAE04EC0-301F-11D3-BF4B-00C04F79EFBC}") = "SurfingRedone", "SurfingRedone\SurfingRedone.csproj", "{4645A764-1A15-4A8A-A247-0349D538D01D}"
EndProject
Global
	GlobalSection(SolutionConfigurationPlatforms) = preSolution
		Debug|Any CPU = Debug|Any CPU
		Release|Any CPU = Release|Any CPU
	EndGlobalSection
	GlobalSection(ProjectConfigurationPlatforms) = postSolution
		{4645A764-1A15-4A8A-A247-0349D538D01D}.Debug|Any CPU.ActiveCfg = Debug|Any CPU
		{4645A764-1A15-4A8A-A247-0349D538D01D}.Debug|Any CPU.Build.0 = Debug|Any CPU
		{4645A764-1A15-4A8A-A247-0349D538D01D}.Release|Any CPU.ActiveCfg = Release|Any CPU
		{4645A764-1A15-4A8A-A247-0349D538D01D}.Release|Any CPU.Build.0 = Release|Any CPU
	EndGlobalSection
	GlobalSection(SolutionProperties) = preSolution
		HideSolutionNode = FALSE
	EndGlobalSection
	GlobalSection(ExtensibilityGlobals) = postSolution
		SolutionGuid = {155D1471-8833-441D-890D-D430B5075EA2}
	EndGlobalSection
EndGlobal
